{
  "pins" : [
    {
      "identity" : "polykit",
      "kind" : "remoteSourceControl",
      "location" : "https://github.com/heestand-xyz/PolyKit.git",
      "state" : {
        "revision" : "1a6ac447f0e413a21e4ce75f1bdd898dc13dfe72",
        "version" : "2.0.0"
      }
    },
    {
      "identity" : "serde.swift",
      "kind" : "remoteSourceControl",
      "location" : "https://github.com/starcoin-sdk/Serde.swift",
      "state" : {
        "branch" : "main",
        "revision" : "cfb9ceac93f175b5600946032d11c68545ce3d62"
      }
    }
  ],
  "version" : 2
}
